// !$*UTF8*$!
{
	archiveVersion = 1;
	classes = {
	};
	objectVersion = 77;
	objects = {

/* Begin PBXBuildFile section */
		A2A366722F995571008BF868 /* WidgetKit.framework in Frameworks */ = {isa = PBXBuildFile; fileRef = A2A366712F995570008BF868 /* WidgetKit.framework */; };
		A2A366742F995571008BF868 /* SwiftUI.framework in Frameworks */ = {isa = PBXBuildFile; fileRef = A2A366732F995571008BF868 /* SwiftUI.framework */; };
		A2A366832F995572008BF868 /* LatynizeWidgetExtension.appex in Embed Foundation Extensions */ = {isa = PBXBuildFile; fileRef = A2A3666F2F995570008BF868 /* LatynizeWidgetExtension.appex */; settings = {ATTRIBUTES = (RemoveHeadersOnCopy, ); }; };
/* End PBXBuildFile section */

/* Begin PBXContainerItemProxy section */
		A2A366812F995572008BF868 /* PBXContainerItemProxy */ = {
			isa = PBXContainerItemProxy;
			containerPortal = A2B7C4B82F6BBBC9009B7043 /* Project object */;
			proxyType = 1;
			remoteGlobalIDString = A2A3666E2F995570008BF868;
			remoteInfo = LatynizeWidgetExtension;
		};
		A2B7C4D02F6BBBCB009B7043 /* PBXContainerItemProxy */ = {
			isa = PBXContainerItemProxy;
			containerPortal = A2B7C4B82F6BBBC9009B7043 /* Project object */;
			proxyType = 1;
			remoteGlobalIDString = A2B7C4BF2F6BBBC9009B7043;
			remoteInfo = Latynize;
		};
		A2B7C4DA2F6BBBCB009B7043 /* PBXContainerItemProxy */ = {
			isa = PBXContainerItemProxy;
			containerPortal = A2B7C4B82F6BBBC9009B7043 /* Project object */;
			proxyType = 1;
			remoteGlobalIDString = A2B7C4BF2F6BBBC9009B7043;
			remoteInfo = Latynize;
		};
/* End PBXContainerItemProxy section */

/* Begin PBXCopyFilesBuildPhase section */
		A233811A2F73AF2C00F41F25 /* Embed Foundation Extensions */ = {
			isa = PBXCopyFilesBuildPhase;
			buildActionMask = 2147483647;
			dstPath = "";
			dstSubfolderSpec = 13;
			files = (
				A2A366832F995572008BF868 /* LatynizeWidgetExtension.appex in Embed Foundation Extensions */,
			);
			name = "Embed Foundation Extensions";
			runOnlyForDeploymentPostprocessing = 0;
		};
/* End PBXCopyFilesBuildPhase section */

/* Begin PBXFileReference section */
		A2A3666F2F995570008BF868 /* LatynizeWidgetExtension.appex */ = {isa = PBXFileReference; explicitFileType = "wrapper.app-extension"; includeInIndex = 0; path = LatynizeWidgetExtension.appex; sourceTree = BUILT_PRODUCTS_DIR; };
		A2A366712F995570008BF868 /* WidgetKit.framework */ = {isa = PBXFileReference; lastKnownFileType = wrapper.framework; name = WidgetKit.framework; path = System/Library/Frameworks/WidgetKit.framework; sourceTree = SDKROOT; };
		A2A366732F995571008BF868 /* SwiftUI.framework */ = {isa = PBXFileReference; lastKnownFileType = wrapper.framework; name = SwiftUI.framework; path = System/Library/Frameworks/SwiftUI.framework; sourceTree = SDKROOT; };
		A2B7C4C02F6BBBC9009B7043 /* Latynize.app */ = {isa = PBXFileReference; explicitFileType = wrapper.application; includeInIndex = 0; path = Latynize.app; sourceTree = BUILT_PRODUCTS_DIR; };
		A2B7C4CF2F6BBBCB009B7043 /* LatynizeTests.xctest */ = {isa = PBXFileReference; explicitFileType = wrapper.cfbundle; includeInIndex = 0; path = LatynizeTests.xctest; sourceTree = BUILT_PRODUCTS_DIR; };
		A2B7C4D92F6BBBCB009B7043 /* LatynizeUITests.xctest */ = {isa = PBXFileReference; explicitFileType = wrapper.cfbundle; includeInIndex = 0; path = LatynizeUITests.xctest; sourceTree = BUILT_PRODUCTS_DIR; };
/* End PBXFileReference section */

/* Begin PBXFileSystemSynchronizedBuildFileExceptionSet section */
		A2A366872F995572008BF868 /* Exceptions for "LatynizeWidget" folder in "LatynizeWidgetExtension" target */ = {
			isa = PBXFileSystemSynchronizedBuildFileExceptionSet;
			membershipExceptions = (
				Info.plist,
			);
			target = A2A3666E2F995570008BF868 /* LatynizeWidgetExtension */;
		};
		A2A366892F9955C4008BF868 /* Exceptions for "Latynize" folder in "LatynizeWidgetExtension" target */ = {
			isa = PBXFileSystemSynchronizedBuildFileExceptionSet;
			membershipExceptions = (
				Core/Engine/Alphabet2018.swift,
				Core/Engine/Alphabet2021.swift,
				Core/Engine/AlphabetMapping.swift,
				Core/Engine/ConversionEngine.swift,
				Core/Engine/ScriptDetector.swift,
				"Shared/Extensions/Color+Accent.swift",
				Shared/LetterOfTheDay.swift,
			);
			target = A2A3666E2F995570008BF868 /* LatynizeWidgetExtension */;
		};
		A2A366902F995611008BF868 /* Exceptions for "LatynizeWidget" folder in "Latynize" target */ = {
			isa = PBXFileSystemSynchronizedBuildFileExceptionSet;
			membershipExceptions = (
				LatynizeWidget.swift,
			);
			target = A2B7C4BF2F6BBBC9009B7043 /* Latynize */;
		};
		A2A6DC412F954F2E002C3C07 /* Exceptions for "Latynize" folder in "Latynize" target */ = {
			isa = PBXFileSystemSynchronizedBuildFileExceptionSet;
			membershipExceptions = (
				Info.plist,
				Tests/ConversionEngineTests.swift,
			);
			target = A2B7C4BF2F6BBBC9009B7043 /* Latynize */;
		};
		A2A6DC422F954F2E002C3C07 /* Exceptions for "Latynize" folder in "LatynizeTests" target */ = {
			isa = PBXFileSystemSynchronizedBuildFileExceptionSet;
			membershipExceptions = (
				Tests/ConversionEngineTests.swift,
			);
			target = A2B7C4CE2F6BBBCB009B7043 /* LatynizeTests */;
		};
/* End PBXFileSystemSynchronizedBuildFileExceptionSet section */

/* Begin PBXFileSystemSynchronizedRootGroup section */
		A2A366752F995571008BF868 /* LatynizeWidget */ = {
			isa = PBXFileSystemSynchronizedRootGroup;
			exceptions = (
				A2A366902F995611008BF868 /* Exceptions for "LatynizeWidget" folder in "Latynize" target */,
				A2A366872F995572008BF868 /* Exceptions for "LatynizeWidget" folder in "LatynizeWidgetExtension" target */,
			);
			path = LatynizeWidget;
			sourceTree = "<group>";
		};
		A2B7C4C22F6BBBC9009B7043 /* Latynize */ = {
			isa = PBXFileSystemSynchronizedRootGroup;
			exceptions = (
				A2A6DC412F954F2E002C3C07 /* Exceptions for "Latynize" folder in "Latynize" target */,
				A2A6DC422F954F2E002C3C07 /* Exceptions for "Latynize" folder in "LatynizeTests" target */,
				A2A366892F9955C4008BF868 /* Exceptions for "Latynize" folder in "LatynizeWidgetExtension" target */,
			);
			path = Latynize;
			sourceTree = "<group>";
		};
		A2B7C4D22F6BBBCB009B7043 /* LatynizeTests */ = {
			isa = PBXFileSystemSynchronizedRootGroup;
			path = LatynizeTests;
			sourceTree = "<group>";
		};
		A2B7C4DC2F6BBBCB009B7043 /* LatynizeUITests */ = {
			isa = PBXFileSystemSynchronizedRootGroup;
			path = LatynizeUITests;
			sourceTree = "<group>";
		};
/* End PBXFileSystemSynchronizedRootGroup section */

/* Begin PBXFrameworksBuildPhase section */
		A2A3666C2F995570008BF868 /* Frameworks */ = {
			isa = PBXFrameworksBuildPhase;
			buildActionMask = 2147483647;
			files = (
				A2A366742F995571008BF868 /* SwiftUI.framework in Frameworks */,
				A2A366722F995571008BF868 /* WidgetKit.framework in Frameworks */,
			);
			runOnlyForDeploymentPostprocessing = 0;
		};
		A2B7C4BD2F6BBBC9009B7043 /* Frameworks */ = {
			isa = PBXFrameworksBuildPhase;
			buildActionMask = 2147483647;
			files = (
			);
			runOnlyForDeploymentPostprocessing = 0;
		};
		A2B7C4CC2F6BBBCB009B7043 /* Frameworks */ = {
			isa = PBXFrameworksBuildPhase;
			buildActionMask = 2147483647;
			files = (
			);
			runOnlyForDeploymentPostprocessing = 0;
		};
		A2B7C4D62F6BBBCB009B7043 /* Frameworks */ = {
			isa = PBXFrameworksBuildPhase;
			buildActionMask = 2147483647;
			files = (
			);
			runOnlyForDeploymentPostprocessing = 0;
		};
/* End PBXFrameworksBuildPhase section */

/* Begin PBXGroup section */
		A2A366702F995570008BF868 /* Frameworks */ = {
			isa = PBXGroup;
			children = (
				A2A366712F995570008BF868 /* WidgetKit.framework */,
				A2A366732F995571008BF868 /* SwiftUI.framework */,
			);
			name = Frameworks;
			sourceTree = "<group>";
		};
		A2B7C4B72F6BBBC9009B7043 = {
			isa = PBXGroup;
			children = (
				A2B7C4C22F6BBBC9009B7043 /* Latynize */,
				A2B7C4D22F6BBBCB009B7043 /* LatynizeTests */,
				A2B7C4DC2F6BBBCB009B7043 /* LatynizeUITests */,
				A2A366752F995571008BF868 /* LatynizeWidget */,
				A2A366702F995570008BF868 /* Frameworks */,
				A2B7C4C12F6BBBC9009B7043 /* Products */,
			);
			sourceTree = "<group>";
		};
		A2B7C4C12F6BBBC9009B7043 /* Products */ = {
			isa = PBXGroup;
			children = (
				A2B7C4C02F6BBBC9009B7043 /* Latynize.app */,
				A2B7C4CF2F6BBBCB009B7043 /* LatynizeTests.xctest */,
				A2B7C4D92F6BBBCB009B7043 /* LatynizeUITests.xctest */,
				A2A3666F2F995570008BF868 /* LatynizeWidgetExtension.appex */,
			);
			name = Products;
			sourceTree = "<group>";
		};
/* End PBXGroup section */

/* Begin PBXNativeTarget section */
		A2A3666E2F995570008BF868 /* LatynizeWidgetExtension */ = {
			isa = PBXNativeTarget;
			buildConfigurationList = A2A366842F995572008BF868 /* Build configuration list for PBXNativeTarget "LatynizeWidgetExtension" */;
			buildPhases = (
				A2A3666B2F995570008BF868 /* Sources */,
				A2A3666C2F995570008BF868 /* Frameworks */,
				A2A3666D2F995570008BF868 /* Resources */,
			);
			buildRules = (
			);
			dependencies = (
			);
			fileSystemSynchronizedGroups = (
				A2A366752F995571008BF868 /* LatynizeWidget */,
			);
			name = LatynizeWidgetExtension;
			packageProductDependencies = (
			);
			productName = LatynizeWidgetExtension;
			productReference = A2A3666F2F995570008BF868 /* LatynizeWidgetExtension.appex */;
			productType = "com.apple.product-type.app-extension";
		};
		A2B7C4BF2F6BBBC9009B7043 /* Latynize */ = {
			isa = PBXNativeTarget;
			buildConfigurationList = A2B7C4E32F6BBBCB009B7043 /* Build configuration list for PBXNativeTarget "Latynize" */;
			buildPhases = (
				A2B7C4BC2F6BBBC9009B7043 /* Sources */,
				A2B7C4BD2F6BBBC9009B7043 /* Frameworks */,
				A2B7C4BE2F6BBBC9009B7043 /* Resources */,
				A233811A2F73AF2C00F41F25 /* Embed Foundation Extensions */,
			);
			buildRules = (
			);
			dependencies = (
				A2A366822F995572008BF868 /* PBXTargetDependency */,
			);
			fileSystemSynchronizedGroups = (
				A2B7C4C22F6BBBC9009B7043 /* Latynize */,
			);
			name = Latynize;
			packageProductDependencies = (
			);
			productName = Latynize;
			productReference = A2B7C4C02F6BBBC9009B7043 /* Latynize.app */;
			productType = "com.apple.product-type.application";
		};
		A2B7C4CE2F6BBBCB009B7043 /* LatynizeTests */ = {
			isa = PBXNativeTarget;
			buildConfigurationList = A2B7C4E62F6BBBCB009B7043 /* Build configuration list for PBXNativeTarget "LatynizeTests" */;
			buildPhases = (
				A2B7C4CB2F6BBBCB009B7043 /* Sources */,
				A2B7C4CC2F6BBBCB009B7043 /* Frameworks */,
				A2B7C4CD2F6BBBCB009B7043 /* Resources */,
			);
			buildRules = (
			);
			dependencies = (
				A2B7C4D12F6BBBCB009B7043 /* PBXTargetDependency */,
			);
			fileSystemSynchronizedGroups = (
				A2B7C4D22F6BBBCB009B7043 /* LatynizeTests */,
			);
			name = LatynizeTests;
			packageProductDependencies = (
			);
			productName = LatynizeTests;
			productReference = A2B7C4CF2F6BBBCB009B7043 /* LatynizeTests.xctest */;
			productType = "com.apple.product-type.bundle.unit-test";
		};
		A2B7C4D82F6BBBCB009B7043 /* LatynizeUITests */ = {
			isa = PBXNativeTarget;
			buildConfigurationList = A2B7C4E92F6BBBCB009B7043 /* Build configuration list for PBXNativeTarget "LatynizeUITests" */;
			buildPhases = (
				A2B7C4D52F6BBBCB009B7043 /* Sources */,
				A2B7C4D62F6BBBCB009B7043 /* Frameworks */,
				A2B7C4D72F6BBBCB009B7043 /* Resources */,
			);
			buildRules = (
			);
			dependencies = (
				A2B7C4DB2F6BBBCB009B7043 /* PBXTargetDependency */,
			);
			fileSystemSynchronizedGroups = (
				A2B7C4DC2F6BBBCB009B7043 /* LatynizeUITests */,
			);
			name = LatynizeUITests;
			packageProductDependencies = (
			);
			productName = LatynizeUITests;
			productReference = A2B7C4D92F6BBBCB009B7043 /* LatynizeUITests.xctest */;
			productType = "com.apple.product-type.bundle.ui-testing";
		};
/* End PBXNativeTarget section */

/* Begin PBXProject section */
		A2B7C4B82F6BBBC9009B7043 /* Project object */ = {
			isa = PBXProject;
			attributes = {
				BuildIndependentTargetsInParallel = 1;
				LastSwiftUpdateCheck = 2600;
				LastUpgradeCheck = 2600;
				TargetAttributes = {
					A2A3666E2F995570008BF868 = {
						CreatedOnToolsVersion = 26.0.1;
					};
					A2B7C4BF2F6BBBC9009B7043 = {
						CreatedOnToolsVersion = 26.0.1;
					};
					A2B7C4CE2F6BBBCB009B7043 = {
						CreatedOnToolsVersion = 26.0.1;
						TestTargetID = A2B7C4BF2F6BBBC9009B7043;
					};
					A2B7C4D82F6BBBCB009B7043 = {
						CreatedOnToolsVersion = 26.0.1;
						TestTargetID = A2B7C4BF2F6BBBC9009B7043;
					};
				};
			};
			buildConfigurationList = A2B7C4BB2F6BBBC9009B7043 /* Build configuration list for PBXProject "Latynize" */;
			developmentRegion = en;
			hasScannedForEncodings = 0;
			knownRegions = (
				en,
				Base,
				ru,
				kk,
			);
			mainGroup = A2B7C4B72F6BBBC9009B7043;
			minimizedProjectReferenceProxies = 1;
			preferredProjectObjectVersion = 77;
			productRefGroup = A2B7C4C12F6BBBC9009B7043 /* Products */;
			projectDirPath = "";
			projectRoot = "";
			targets = (
				A2B7C4BF2F6BBBC9009B7043 /* Latynize */,
				A2B7C4CE2F6BBBCB009B7043 /* LatynizeTests */,
				A2B7C4D82F6BBBCB009B7043 /* LatynizeUITests */,
				A2A3666E2F995570008BF868 /* LatynizeWidgetExtension */,
			);
		};
/* End PBXProject section */

/* Begin PBXResourcesBuildPhase section */
		A2A3666D2F995570008BF868 /* Resources */ = {
			isa = PBXResourcesBuildPhase;
			buildActionMask = 2147483647;
			files = (
			);
			runOnlyForDeploymentPostprocessing = 0;
		};
		A2B7C4BE2F6BBBC9009B7043 /* Resources */ = {
			isa = PBXResourcesBuildPhase;
			buildActionMask = 2147483647;
			files = (
			);
			runOnlyForDeploymentPostprocessing = 0;
		};
		A2B7C4CD2F6BBBCB009B7043 /* Resources */ = {
			isa = PBXResourcesBuildPhase;
			buildActionMask = 2147483647;
			files = (
			);
			runOnlyForDeploymentPostprocessing = 0;
		};
		A2B7C4D72F6BBBCB009B7043 /* Resources */ = {
			isa = PBXResourcesBuildPhase;
			buildActionMask = 2147483647;
			files = (
			);
			runOnlyForDeploymentPostprocessing = 0;
		};
/* End PBXResourcesBuildPhase section */

/* Begin PBXSourcesBuildPhase section */
		A2A3666B2F995570008BF868 /* Sources */ = {
			isa = PBXSourcesBuildPhase;
			buildActionMask = 2147483647;
			files = (
			);
			runOnlyForDeploymentPostprocessing = 0;
		};
		A2B7C4BC2F6BBBC9009B7043 /* Sources */ = {
			isa = PBXSourcesBuildPhase;
			buildActionMask = 2147483647;
			files = (
			);
			runOnlyForDeploymentPostprocessing = 0;
		};
		A2B7C4CB2F6BBBCB009B7043 /* Sources */ = {
			isa = PBXSourcesBuildPhase;
			buildActionMask = 2147483647;
			files = (
			);
			runOnlyForDeploymentPostprocessing = 0;
		};
		A2B7C4D52F6BBBCB009B7043 /* Sources */ = {
			isa = PBXSourcesBuildPhase;
			buildActionMask = 2147483647;
			files = (
			);
			runOnlyForDeploymentPostprocessing = 0;
		};
/* End PBXSourcesBuildPhase section */

/* Begin PBXTargetDependency section */
		A2A366822F995572008BF868 /* PBXTargetDependency */ = {
			isa = PBXTargetDependency;
			target = A2A3666E2F995570008BF868 /* LatynizeWidgetExtension */;
			targetProxy = A2A366812F995572008BF868 /* PBXContainerItemProxy */;
		};
		A2B7C4D12F6BBBCB009B7043 /* PBXTargetDependency */ = {
			isa = PBXTargetDependency;
			target = A2B7C4BF2F6BBBC9009B7043 /* Latynize */;
			targetProxy = A2B7C4D02F6BBBCB009B7043 /* PBXContainerItemProxy */;
		};
		A2B7C4DB2F6BBBCB009B7043 /* PBXTargetDependency */ = {
			isa = PBXTargetDependency;
			target = A2B7C4BF2F6BBBC9009B7043 /* Latynize */;
			targetProxy = A2B7C4DA2F6BBBCB009B7043 /* PBXContainerItemProxy */;
		};
/* End PBXTargetDependency section */

/* Begin XCBuildConfiguration section */
		A2A366852F995572008BF868 /* Debug */ = {
			isa = XCBuildConfiguration;
			buildSettings = {
				ASSETCATALOG_COMPILER_GLOBAL_ACCENT_COLOR_NAME = AccentColor;
				ASSETCATALOG_COMPILER_WIDGET_BACKGROUND_COLOR_NAME = WidgetBackground;
				CODE_SIGN_STYLE = Automatic;
				CURRENT_PROJECT_VERSION = 1;
				DEVELOPMENT_TEAM = 5S8YJ969V5;
				GENERATE_INFOPLIST_FILE = YES;
				INFOPLIST_FILE = LatynizeWidget/Info.plist;
				INFOPLIST_KEY_CFBundleDisplayName = LatynizeWidget;
				INFOPLIST_KEY_NSHumanReadableCopyright = "";
				LD_RUNPATH_SEARCH_PATHS = (
					"$(inherited)",
					"@executable_path/Frameworks",
					"@executable_path/../../Frameworks",
				);
				MARKETING_VERSION = 1.0;
				PRODUCT_BUNDLE_IDENTIFIER = dev.izbassar.Latynize.LatynizeWidget;
				PRODUCT_NAME = "$(TARGET_NAME)";
				SKIP_INSTALL = YES;
				STRING_CATALOG_GENERATE_SYMBOLS = YES;
				SWIFT_APPROACHABLE_CONCURRENCY = YES;
				SWIFT_EMIT_LOC_STRINGS = YES;
				SWIFT_UPCOMING_FEATURE_MEMBER_IMPORT_VISIBILITY = YES;
				SWIFT_VERSION = 5.0;
				TARGETED_DEVICE_FAMILY = "1,2";
			};
			name = Debug;
		};
		A2A366862F995572008BF868 /* Release */ = {
			isa = XCBuildConfiguration;
			buildSettings = {
				ASSETCATALOG_COMPILER_GLOBAL_ACCENT_COLOR_NAME = AccentColor;
				ASSETCATALOG_COMPILER_WIDGET_BACKGROUND_COLOR_NAME = WidgetBackground;
				CODE_SIGN_STYLE = Automatic;
				CURRENT_PROJECT_VERSION = 1;
				DEVELOPMENT_TEAM = 5S8YJ969V5;
				GENERATE_INFOPLIST_FILE = YES;
				INFOPLIST_FILE = LatynizeWidget/Info.plist;
				INFOPLIST_KEY_CFBundleDisplayName = LatynizeWidget;
				INFOPLIST_KEY_NSHumanReadableCopyright = "";
				LD_RUNPATH_SEARCH_PATHS = (
					"$(inherited)",
					"@executable_path/Frameworks",
					"@executable_path/../../Frameworks",
				);
				MARKETING_VERSION = 1.0;
				PRODUCT_BUNDLE_IDENTIFIER = dev.izbassar.Latynize.LatynizeWidget;
				PRODUCT_NAME = "$(TARGET_NAME)";
				SKIP_INSTALL = YES;
				STRING_CATALOG_GENERATE_SYMBOLS = YES;
				SWIFT_APPROACHABLE_CONCURRENCY = YES;
				SWIFT_EMIT_LOC_STRINGS = YES;
				SWIFT_UPCOMING_FEATURE_MEMBER_IMPORT_VISIBILITY = YES;
				SWIFT_VERSION = 5.0;
				TARGETED_DEVICE_FAMILY = "1,2";
			};
			name = Release;
		};
		A2B7C4E12F6BBBCB009B7043 /* Debug */ = {
			isa = XCBuildConfiguration;
			buildSettings = {
				ALWAYS_SEARCH_USER_PATHS = NO;
				ASSETCATALOG_COMPILER_GENERATE_SWIFT_ASSET_SYMBOL_EXTENSIONS = YES;
				CLANG_ANALYZER_NONNULL = YES;
				CLANG_ANALYZER_NUMBER_OBJECT_CONVERSION = YES_AGGRESSIVE;
				CLANG_CXX_LANGUAGE_STANDARD = "gnu++20";
				CLANG_ENABLE_MODULES = YES;
				CLANG_ENABLE_OBJC_ARC = YES;
				CLANG_ENABLE_OBJC_WEAK = YES;
				CLANG_WARN_BLOCK_CAPTURE_AUTORELEASING = YES;
				CLANG_WARN_BOOL_CONVERSION = YES;
				CLANG_WARN_COMMA = YES;
				CLANG_WARN_CONSTANT_CONVERSION = YES;
				CLANG_WARN_DEPRECATED_OBJC_IMPLEMENTATIONS = YES;
				CLANG_WARN_DIRECT_OBJC_ISA_USAGE = YES_ERROR;
				CLANG_WARN_DOCUMENTATION_COMMENTS = YES;
				CLANG_WARN_EMPTY_BODY = YES;
				CLANG_WARN_ENUM_CONVERSION = YES;
				CLANG_WARN_INFINITE_RECURSION = YES;
				CLANG_WARN_INT_CONVERSION = YES;
				CLANG_WARN_NON_LITERAL_NULL_CONVERSION = YES;
				CLANG_WARN_OBJC_IMPLICIT_RETAIN_SELF = YES;
				CLANG_WARN_OBJC_LITERAL_CONVERSION = YES;
				CLANG_WARN_OBJC_ROOT_CLASS = YES_ERROR;
				CLANG_WARN_QUOTED_INCLUDE_IN_FRAMEWORK_HEADER = YES;
				CLANG_WARN_RANGE_LOOP_ANALYSIS = YES;
				CLANG_WARN_STRICT_PROTOTYPES = YES;
				CLANG_WARN_SUSPICIOUS_MOVE = YES;
				CLANG_WARN_UNGUARDED_AVAILABILITY = YES_AGGRESSIVE;
				CLANG_WARN_UNREACHABLE_CODE = YES;
				CLANG_WARN__DUPLICATE_METHOD_MATCH = YES;
				COPY_PHASE_STRIP = NO;
				DEBUG_INFORMATION_FORMAT = dwarf;
				DEVELOPMENT_TEAM = 5S8YJ969V5;
				ENABLE_STRICT_OBJC_MSGSEND = YES;
				ENABLE_TESTABILITY = YES;
				ENABLE_USER_SCRIPT_SANDBOXING = YES;
				GCC_C_LANGUAGE_STANDARD = gnu17;
				GCC_DYNAMIC_NO_PIC = NO;
				GCC_NO_COMMON_BLOCKS = YES;
				GCC_OPTIMIZATION_LEVEL = 0;
				GCC_PREPROCESSOR_DEFINITIONS = (
					"DEBUG=1",
					"$(inherited)",
				);
				GCC_WARN_64_TO_32_BIT_CONVERSION = YES;
				GCC_WARN_ABOUT_RETURN_TYPE = YES_ERROR;
				GCC_WARN_UNDECLARED_SELECTOR = YES;
				GCC_WARN_UNINITIALIZED_AUTOS = YES_AGGRESSIVE;
				GCC_WARN_UNUSED_FUNCTION = YES;
				GCC_WARN_UNUSED_VARIABLE = YES;
				IPHONEOS_DEPLOYMENT_TARGET = 26.0;
				LOCALIZATION_PREFERS_STRING_CATALOGS = YES;
				MTL_ENABLE_DEBUG_INFO = INCLUDE_SOURCE;
				MTL_FAST_MATH = YES;
				ONLY_ACTIVE_ARCH = YES;
				SDKROOT = iphoneos;
				SWIFT_ACTIVE_COMPILATION_CONDITIONS = "DEBUG $(inherited)";
				SWIFT_EMIT_LOC_STRINGS = YES;
				SWIFT_OPTIMIZATION_LEVEL = "-Onone";
			};
			name = Debug;
		};
		A2B7C4E22F6BBBCB009B7043 /* Release */ = {
			isa = XCBuildConfiguration;
			buildSettings = {
				ALWAYS_SEARCH_USER_PATHS = NO;
				ASSETCATALOG_COMPILER_GENERATE_SWIFT_ASSET_SYMBOL_EXTENSIONS = YES;
				CLANG_ANALYZER_NONNULL = YES;
				CLANG_ANALYZER_NUMBER_OBJECT_CONVERSION = YES_AGGRESSIVE;
				CLANG_CXX_LANGUAGE_STANDARD = "gnu++20";
				CLANG_ENABLE_MODULES = YES;
				CLANG_ENABLE_OBJC_ARC = YES;
				CLANG_ENABLE_OBJC_WEAK = YES;
				CLANG_WARN_BLOCK_CAPTURE_AUTORELEASING = YES;
				CLANG_WARN_BOOL_CONVERSION = YES;
				CLANG_WARN_COMMA = YES;
				CLANG_WARN_CONSTANT_CONVERSION = YES;
				CLANG_WARN_DEPRECATED_OBJC_IMPLEMENTATIONS = YES;
				CLANG_WARN_DIRECT_OBJC_ISA_USAGE = YES_ERROR;
				CLANG_WARN_DOCUMENTATION_COMMENTS = YES;
				CLANG_WARN_EMPTY_BODY = YES;
				CLANG_WARN_ENUM_CONVERSION = YES;
				CLANG_WARN_INFINITE_RECURSION = YES;
				CLANG_WARN_INT_CONVERSION = YES;
				CLANG_WARN_NON_LITERAL_NULL_CONVERSION = YES;
				CLANG_WARN_OBJC_IMPLICIT_RETAIN_SELF = YES;
				CLANG_WARN_OBJC_LITERAL_CONVERSION = YES;
				CLANG_WARN_OBJC_ROOT_CLASS = YES_ERROR;
				CLANG_WARN_QUOTED_INCLUDE_IN_FRAMEWORK_HEADER = YES;
				CLANG_WARN_RANGE_LOOP_ANALYSIS = YES;
				CLANG_WARN_STRICT_PROTOTYPES = YES;
				CLANG_WARN_SUSPICIOUS_MOVE = YES;
				CLANG_WARN_UNGUARDED_AVAILABILITY = YES_AGGRESSIVE;
				CLANG_WARN_UNREACHABLE_CODE = YES;
				CLANG_WARN__DUPLICATE_METHOD_MATCH = YES;
				COPY_PHASE_STRIP = NO;
				DEBUG_INFORMATION_FORMAT = "dwarf-with-dsym";
				DEVELOPMENT_TEAM = 5S8YJ969V5;
				ENABLE_NS_ASSERTIONS = NO;
				ENABLE_STRICT_OBJC_MSGSEND = YES;
				ENABLE_USER_SCRIPT_SANDBOXING = YES;
				GCC_C_LANGUAGE_STANDARD = gnu17;
				GCC_NO_COMMON_BLOCKS = YES;
				GCC_WARN_64_TO_32_BIT_CONVERSION = YES;
				GCC_WARN_ABOUT_RETURN_TYPE = YES_ERROR;
				GCC_WARN_UNDECLARED_SELECTOR = YES;
				GCC_WARN_UNINITIALIZED_AUTOS = YES_AGGRESSIVE;
				GCC_WARN_UNUSED_FUNCTION = YES;
				GCC_WARN_UNUSED_VARIABLE = YES;
				IPHONEOS_DEPLOYMENT_TARGET = 26.0;
				LOCALIZATION_PREFERS_STRING_CATALOGS = YES;
				MTL_ENABLE_DEBUG_INFO = NO;
				MTL_FAST_MATH = YES;
				SDKROOT = iphoneos;
				SWIFT_COMPILATION_MODE = wholemodule;
				SWIFT_EMIT_LOC_STRINGS = YES;
				VALIDATE_PRODUCT = YES;
			};
			name = Release;
		};
		A2B7C4E42F6BBBCB009B7043 /* Debug */ = {
			isa = XCBuildConfiguration;
			buildSettings = {
				ASSETCATALOG_COMPILER_APPICON_NAME = AppIcon;
				ASSETCATALOG_COMPILER_GLOBAL_ACCENT_COLOR_NAME = AccentColor;
				CODE_SIGN_ENTITLEMENTS = Latynize/Latynize.entitlements;
				CODE_SIGN_STYLE = Automatic;
				CURRENT_PROJECT_VERSION = 1;
				DEVELOPMENT_TEAM = 5S8YJ969V5;
				ENABLE_PREVIEWS = YES;
				GENERATE_INFOPLIST_FILE = YES;
				INFOPLIST_FILE = Latynize/Info.plist;
				INFOPLIST_KEY_CFBundleDisplayName = Latynize;
				INFOPLIST_KEY_ITSAppUsesNonExemptEncryption = NO;
				INFOPLIST_KEY_LSApplicationCategoryType = "public.app-category.education";
				INFOPLIST_KEY_NSCameraUsageDescription = "Camera is used to scan and recognize Kazakh text for conversion";
				INFOPLIST_KEY_NSPhotoLibraryUsageDescription = "Photo access is used to recognize text in your images";
				INFOPLIST_KEY_UIApplicationSceneManifest_Generation = YES;
				INFOPLIST_KEY_UIApplicationSupportsIndirectInputEvents = YES;
				INFOPLIST_KEY_UILaunchScreen_Generation = YES;
				INFOPLIST_KEY_UISupportedInterfaceOrientations = UIInterfaceOrientationPortrait;
				INFOPLIST_KEY_UISupportedInterfaceOrientations_iPad = "UIInterfaceOrientationLandscapeLeft UIInterfaceOrientationLandscapeRight UIInterfaceOrientationPortrait UIInterfaceOrientationPortraitUpsideDown";
				IPHONEOS_DEPLOYMENT_TARGET = 17.0;
				LD_RUNPATH_SEARCH_PATHS = (
					"$(inherited)",
					"@executable_path/Frameworks",
				);
				MARKETING_VERSION = 1.0;
				PRODUCT_BUNDLE_IDENTIFIER = dev.izbassar.Latynize;
				PRODUCT_NAME = "$(TARGET_NAME)";
				STRING_CATALOG_GENERATE_SYMBOLS = YES;
				SUPPORTED_PLATFORMS = "iphoneos iphonesimulator";
				SUPPORTS_MACCATALYST = NO;
				SUPPORTS_MAC_DESIGNED_FOR_IPHONE_IPAD = NO;
				SUPPORTS_XR_DESIGNED_FOR_IPHONE_IPAD = NO;
				SWIFT_APPROACHABLE_CONCURRENCY = YES;
				SWIFT_DEFAULT_ACTOR_ISOLATION = MainActor;
				SWIFT_EMIT_LOC_STRINGS = YES;
				SWIFT_UPCOMING_FEATURE_MEMBER_IMPORT_VISIBILITY = YES;
				SWIFT_VERSION = 5.0;
				TARGETED_DEVICE_FAMILY = 1;
			};
			name = Debug;
		};
		A2B7C4E52F6BBBCB009B7043 /* Release */ = {
			isa = XCBuildConfiguration;
			buildSettings = {
				ASSETCATALOG_COMPILER_APPICON_NAME = AppIcon;
				ASSETCATALOG_COMPILER_GLOBAL_ACCENT_COLOR_NAME = AccentColor;
				CODE_SIGN_ENTITLEMENTS = Latynize/Latynize.entitlements;
				CODE_SIGN_STYLE = Automatic;
				CURRENT_PROJECT_VERSION = 1;
				DEVELOPMENT_TEAM = 5S8YJ969V5;
				ENABLE_PREVIEWS = YES;
				GENERATE_INFOPLIST_FILE = YES;
				INFOPLIST_FILE = Latynize/Info.plist;
				INFOPLIST_KEY_CFBundleDisplayName = Latynize;
				INFOPLIST_KEY_ITSAppUsesNonExemptEncryption = NO;
				INFOPLIST_KEY_LSApplicationCategoryType = "public.app-category.education";
				INFOPLIST_KEY_NSCameraUsageDescription = "Camera is used to scan and recognize Kazakh text for conversion";
				INFOPLIST_KEY_NSPhotoLibraryUsageDescription = "Photo access is used to recognize text in your images";
				INFOPLIST_KEY_UIApplicationSceneManifest_Generation = YES;
				INFOPLIST_KEY_UIApplicationSupportsIndirectInputEvents = YES;
				INFOPLIST_KEY_UILaunchScreen_Generation = YES;
				INFOPLIST_KEY_UISupportedInterfaceOrientations = UIInterfaceOrientationPortrait;
				INFOPLIST_KEY_UISupportedInterfaceOrientations_iPad = "UIInterfaceOrientationLandscapeLeft UIInterfaceOrientationLandscapeRight UIInterfaceOrientationPortrait UIInterfaceOrientationPortraitUpsideDown";
				IPHONEOS_DEPLOYMENT_TARGET = 17.0;
				LD_RUNPATH_SEARCH_PATHS = (
					"$(inherited)",
					"@executable_path/Frameworks",
				);
				MARKETING_VERSION = 1.0;
				PRODUCT_BUNDLE_IDENTIFIER = dev.izbassar.Latynize;
				PRODUCT_NAME = "$(TARGET_NAME)";
				STRING_CATALOG_GENERATE_SYMBOLS = YES;
				SUPPORTED_PLATFORMS = "iphoneos iphonesimulator";
				SUPPORTS_MACCATALYST = NO;
				SUPPORTS_MAC_DESIGNED_FOR_IPHONE_IPAD = NO;
				SUPPORTS_XR_DESIGNED_FOR_IPHONE_IPAD = NO;
				SWIFT_APPROACHABLE_CONCURRENCY = YES;
				SWIFT_DEFAULT_ACTOR_ISOLATION = MainActor;
				SWIFT_EMIT_LOC_STRINGS = YES;
				SWIFT_UPCOMING_FEATURE_MEMBER_IMPORT_VISIBILITY = YES;
				SWIFT_VERSION = 5.0;
				TARGETED_DEVICE_FAMILY = 1;
			};
			name = Release;
		};
		A2B7C4E72F6BBBCB009B7043 /* Debug */ = {
			isa = XCBuildConfiguration;
			buildSettings = {
				BUNDLE_LOADER = "$(TEST_HOST)";
				CODE_SIGN_STYLE = Automatic;
				CURRENT_PROJECT_VERSION = 1;
				DEVELOPMENT_TEAM = 5S8YJ969V5;
				GENERATE_INFOPLIST_FILE = YES;
				IPHONEOS_DEPLOYMENT_TARGET = 26.0;
				MARKETING_VERSION = 1.0;
				PRODUCT_BUNDLE_IDENTIFIER = dev.izbassar.LatynizeTests;
				PRODUCT_NAME = "$(TARGET_NAME)";
				STRING_CATALOG_GENERATE_SYMBOLS = NO;
				SWIFT_APPROACHABLE_CONCURRENCY = YES;
				SWIFT_EMIT_LOC_STRINGS = NO;
				SWIFT_UPCOMING_FEATURE_MEMBER_IMPORT_VISIBILITY = YES;
				SWIFT_VERSION = 5.0;
				TARGETED_DEVICE_FAMILY = "1,2";
				TEST_HOST = "$(BUILT_PRODUCTS_DIR)/Latynize.app/$(BUNDLE_EXECUTABLE_FOLDER_PATH)/Latynize";
			};
			name = Debug;
		};
		A2B7C4E82F6BBBCB009B7043 /* Release */ = {
			isa = XCBuildConfiguration;
			buildSettings = {
				BUNDLE_LOADER = "$(TEST_HOST)";
				CODE_SIGN_STYLE = Automatic;
				CURRENT_PROJECT_VERSION = 1;
				DEVELOPMENT_TEAM = 5S8YJ969V5;
				GENERATE_INFOPLIST_FILE = YES;
				IPHONEOS_DEPLOYMENT_TARGET = 26.0;
				MARKETING_VERSION = 1.0;
				PRODUCT_BUNDLE_IDENTIFIER = dev.izbassar.LatynizeTests;
				PRODUCT_NAME = "$(TARGET_NAME)";
				STRING_CATALOG_GENERATE_SYMBOLS = NO;
				SWIFT_APPROACHABLE_CONCURRENCY = YES;
				SWIFT_EMIT_LOC_STRINGS = NO;
				SWIFT_UPCOMING_FEATURE_MEMBER_IMPORT_VISIBILITY = YES;
				SWIFT_VERSION = 5.0;
				TARGETED_DEVICE_FAMILY = "1,2";
				TEST_HOST = "$(BUILT_PRODUCTS_DIR)/Latynize.app/$(BUNDLE_EXECUTABLE_FOLDER_PATH)/Latynize";
			};
			name = Release;
		};
		A2B7C4EA2F6BBBCB009B7043 /* Debug */ = {
			isa = XCBuildConfiguration;
			buildSettings = {
				CODE_SIGN_STYLE = Automatic;
				CURRENT_PROJECT_VERSION = 1;
				DEVELOPMENT_TEAM = 5S8YJ969V5;
				GENERATE_INFOPLIST_FILE = YES;
				MARKETING_VERSION = 1.0;
				PRODUCT_BUNDLE_IDENTIFIER = dev.izbassar.LatynizeUITests;
				PRODUCT_NAME = "$(TARGET_NAME)";
				STRING_CATALOG_GENERATE_SYMBOLS = NO;
				SWIFT_APPROACHABLE_CONCURRENCY = YES;
				SWIFT_EMIT_LOC_STRINGS = NO;
				SWIFT_UPCOMING_FEATURE_MEMBER_IMPORT_VISIBILITY = YES;
				SWIFT_VERSION = 5.0;
				TARGETED_DEVICE_FAMILY = "1,2";
				TEST_TARGET_NAME = Latynize;
			};
			name = Debug;
		};
		A2B7C4EB2F6BBBCB009B7043 /* Release */ = {
			isa = XCBuildConfiguration;
			buildSettings = {
				CODE_SIGN_STYLE = Automatic;
				CURRENT_PROJECT_VERSION = 1;
				DEVELOPMENT_TEAM = 5S8YJ969V5;
				GENERATE_INFOPLIST_FILE = YES;
				MARKETING_VERSION = 1.0;
				PRODUCT_BUNDLE_IDENTIFIER = dev.izbassar.LatynizeUITests;
				PRODUCT_NAME = "$(TARGET_NAME)";
				STRING_CATALOG_GENERATE_SYMBOLS = NO;
				SWIFT_APPROACHABLE_CONCURRENCY = YES;
				SWIFT_EMIT_LOC_STRINGS = NO;
				SWIFT_UPCOMING_FEATURE_MEMBER_IMPORT_VISIBILITY = YES;
				SWIFT_VERSION = 5.0;
				TARGETED_DEVICE_FAMILY = "1,2";
				TEST_TARGET_NAME = Latynize;
			};
			name = Release;
		};
/* End XCBuildConfiguration section */

/* Begin XCConfigurationList section */
		A2A366842F995572008BF868 /* Build configuration list for PBXNativeTarget "LatynizeWidgetExtension" */ = {
			isa = XCConfigurationList;
			buildConfigurations = (
				A2A366852F995572008BF868 /* Debug */,
				A2A366862F995572008BF868 /* Release */,
			);
			defaultConfigurationIsVisible = 0;
			defaultConfigurationName = Release;
		};
		A2B7C4BB2F6BBBC9009B7043 /* Build configuration list for PBXProject "Latynize" */ = {
			isa = XCConfigurationList;
			buildConfigurations = (
				A2B7C4E12F6BBBCB009B7043 /* Debug */,
				A2B7C4E22F6BBBCB009B7043 /* Release */,
			);
			defaultConfigurationIsVisible = 0;
			defaultConfigurationName = Release;
		};
		A2B7C4E32F6BBBCB009B7043 /* Build configuration list for PBXNativeTarget "Latynize" */ = {
			isa = XCConfigurationList;
			buildConfigurations = (
				A2B7C4E42F6BBBCB009B7043 /* Debug */,
				A2B7C4E52F6BBBCB009B7043 /* Release */,
			);
			defaultConfigurationIsVisible = 0;
			defaultConfigurationName = Release;
		};
		A2B7C4E62F6BBBCB009B7043 /* Build configuration list for PBXNativeTarget "LatynizeTests" */ = {
			isa = XCConfigurationList;
			buildConfigurations = (
				A2B7C4E72F6BBBCB009B7043 /* Debug */,
				A2B7C4E82F6BBBCB009B7043 /* Release */,
			);
			defaultConfigurationIsVisible = 0;
			defaultConfigurationName = Release;
		};
		A2B7C4E92F6BBBCB009B7043 /* Build configuration list for PBXNativeTarget "LatynizeUITests" */ = {
			isa = XCConfigurationList;
			buildConfigurations = (
				A2B7C4EA2F6BBBCB009B7043 /* Debug */,
				A2B7C4EB2F6BBBCB009B7043 /* Release */,
			);
			defaultConfigurationIsVisible = 0;
			defaultConfigurationName = Release;
		};
/* End XCConfigurationList section */
	};
	rootObject = A2B7C4B82F6BBBC9009B7043 /* Project object */;
}
